
Microsoft Visual Studio Solution File, Format Version 12.00
# Visual Studio Version 17
VisualStudioVersion = 17.10.34928.147
MinimumVisualStudioVersion = 10.0.40219.1
Project("{FAE04EC0-301F-11D3-BF4B-00C04F79EFBC}") = "MinimalAPIsMoviesRickwithoutError", "MinimalAPIsMoviesRickwithoutError\MinimalAPIsMoviesRickwithoutError.csproj", "{4A0E14B0-0624-4989-8407-F3B53573D6C3}"
EndProject
Global
	GlobalSection(SolutionConfigurationPlatforms) = preSolution
		Debug|Any CPU = Debug|Any CPU
		Release|Any CPU = Release|Any CPU
	EndGlobalSection
	GlobalSection(ProjectConfigurationPlatforms) = postSolution
		{4A0E14B0-0624-4989-8407-F3B53573D6C3}.Debug|Any CPU.ActiveCfg = Debug|Any CPU
		{4A0E14B0-0624-4989-8407-F3B53573D6C3}.Debug|Any CPU.Build.0 = Debug|Any CPU
		{4A0E14B0-0624-4989-8407-F3B53573D6C3}.Release|Any CPU.ActiveCfg = Release|Any CPU
		{4A0E14B0-0624-4989-8407-F3B53573D6C3}.Release|Any CPU.Build.0 = Release|Any CPU
	EndGlobalSection
	GlobalSection(SolutionProperties) = preSolution
		HideSolutionNode = FALSE
	EndGlobalSection
	GlobalSection(ExtensibilityGlobals) = postSolution
		SolutionGuid = {C4046BC9-D06A-45FB-A878-87C17BDA6123}
	EndGlobalSection
EndGlobal
